# @generated by Move, please check-in and do not edit manually.

[move]
version = 0
manifest_digest = "6E17A6CC480498B6900615B525B54F25C7229E9A19ED1FF86347331BD6F52896"

dependencies = [
  { name = "Sui" },
  { name = "friendly_fire" },
]

[[move.package]]
name = "MoveStdlib"
source = { git = "https://github.com/MystenLabs/sui.git", rev = "devnet", subdir = "crates/sui-framework/packages/move-stdlib" }

[[move.package]]
name = "Sui"
source = { git = "https://github.com/MystenLabs/sui.git", rev = "devnet", subdir = "crates/sui-framework/packages/sui-framework" }

dependencies = [
  { name = "MoveStdlib" },
]

[[move.package]]
name = "friendly_fire"
source = { local = "../dependency", version = "1.0.0" }

dependencies = [
  { name = "Sui" },
]
