# @generated by Move, please check-in and do not edit manually.

[move]
version = 0
manifest_digest = "27A2F1E34E0651CD993052AB0954C73942F5EAFA56193DC11012E2748A9C33E1"

dependencies = [
  { name = "Sui" },
  { name = "hello_world" },
]

[[move.package]]
name = "MoveStdlib"
source = { git = "https://github.com/MystenLabs/sui.git", rev = "devnet", subdir = "crates/sui-framework/packages/move-stdlib" }

[[move.package]]
name = "Sui"
source = { git = "https://github.com/MystenLabs/sui.git", rev = "devnet", subdir = "crates/sui-framework/packages/sui-framework" }

dependencies = [
  { name = "MoveStdlib" },
]

[[move.package]]
name = "hello_world"
source = { local = "../dependency", version = "1.0.0" }

dependencies = [
  { name = "Sui" },
]
